
Microsoft Visual Studio Solution File, Format Version 12.00
# Visual Studio Version 17
VisualStudioVersion = 17.2.32616.157
MinimumVisualStudioVersion = 10.0.40219.1
Project("{FAE04EC0-301F-11D3-BF4B-00C04F79EFBC}") = "fediak", "fediak\fediak.csproj", "{79AE891C-AB03-4E7E-91EE-C3C74F2EB010}"
EndProject
Global
	GlobalSection(SolutionConfigurationPlatforms) = preSolution
		Debug|Any CPU = Debug|Any CPU
		Release|Any CPU = Release|Any CPU
	EndGlobalSection
	GlobalSection(ProjectConfigurationPlatforms) = postSolution
		{79AE891C-AB03-4E7E-91EE-C3C74F2EB010}.Debug|Any CPU.ActiveCfg = Debug|Any CPU
		{79AE891C-AB03-4E7E-91EE-C3C74F2EB010}.Debug|Any CPU.Build.0 = Debug|Any CPU
		{79AE891C-AB03-4E7E-91EE-C3C74F2EB010}.Release|Any CPU.ActiveCfg = Release|Any CPU
		{79AE891C-AB03-4E7E-91EE-C3C74F2EB010}.Release|Any CPU.Build.0 = Release|Any CPU
	EndGlobalSection
	GlobalSection(SolutionProperties) = preSolution
		HideSolutionNode = FALSE
	EndGlobalSection
	GlobalSection(ExtensibilityGlobals) = postSolution
		SolutionGuid = {913783A5-3A44-4944-85FA-F46454331546}
	EndGlobalSection
EndGlobal
